
Microsoft Visual Studio Solution File, Format Version 12.00
# Visual Studio Version 17
VisualStudioVersion = 17.14.36623.8
MinimumVisualStudioVersion = 10.0.40219.1
Project("{F2A71F9B-5D33-465A-A702-920D77279786}") = "AdventOfCode2023.FSharp", "AdventOfCode2023.FSharp\AdventOfCode2023.FSharp.fsproj", "{AF6BDA66-BB62-488F-8885-4B2B492498E2}"
EndProject
Project("{F2A71F9B-5D33-465A-A702-920D77279786}") = "AdventOfCode2023.FSharp.Finished", "AdventOfCode2023.FSharp.Finished\AdventOfCode2023.FSharp.Finished.fsproj", "{1643B55C-94D7-4E98-B33C-F76499F792EF}"
EndProject
Project("{F2A71F9B-5D33-465A-A702-920D77279786}") = "AdventOfCode2023.FSharp.Common", "AdventOfCode2023.FSharp.Common\AdventOfCode2023.FSharp.Common.fsproj", "{08684B2D-AAE7-4D39-A1BE-E4620F836B46}"
EndProject
Global
	GlobalSection(SolutionConfigurationPlatforms) = preSolution
		Debug|Any CPU = Debug|Any CPU
		Release|Any CPU = Release|Any CPU
	EndGlobalSection
	GlobalSection(ProjectConfigurationPlatforms) = postSolution
		{AF6BDA66-BB62-488F-8885-4B2B492498E2}.Debug|Any CPU.ActiveCfg = Debug|Any CPU
		{AF6BDA66-BB62-488F-8885-4B2B492498E2}.Debug|Any CPU.Build.0 = Debug|Any CPU
		{AF6BDA66-BB62-488F-8885-4B2B492498E2}.Release|Any CPU.ActiveCfg = Release|Any CPU
		{AF6BDA66-BB62-488F-8885-4B2B492498E2}.Release|Any CPU.Build.0 = Release|Any CPU
		{1643B55C-94D7-4E98-B33C-F76499F792EF}.Debug|Any CPU.ActiveCfg = Debug|Any CPU
		{1643B55C-94D7-4E98-B33C-F76499F792EF}.Debug|Any CPU.Build.0 = Debug|Any CPU
		{1643B55C-94D7-4E98-B33C-F76499F792EF}.Release|Any CPU.ActiveCfg = Release|Any CPU
		{1643B55C-94D7-4E98-B33C-F76499F792EF}.Release|Any CPU.Build.0 = Release|Any CPU
		{08684B2D-AAE7-4D39-A1BE-E4620F836B46}.Debug|Any CPU.ActiveCfg = Debug|Any CPU
		{08684B2D-AAE7-4D39-A1BE-E4620F836B46}.Debug|Any CPU.Build.0 = Debug|Any CPU
		{08684B2D-AAE7-4D39-A1BE-E4620F836B46}.Release|Any CPU.ActiveCfg = Release|Any CPU
		{08684B2D-AAE7-4D39-A1BE-E4620F836B46}.Release|Any CPU.Build.0 = Release|Any CPU
	EndGlobalSection
	GlobalSection(SolutionProperties) = preSolution
		HideSolutionNode = FALSE
	EndGlobalSection
	GlobalSection(ExtensibilityGlobals) = postSolution
		SolutionGuid = {876E87F9-6834-4B08-B093-F27EB9E00735}
	EndGlobalSection
EndGlobal
